
Microsoft Visual Studio Solution File, Format Version 12.00
Project("{FAE04EC0-301F-11D3-BF4B-00C04F79EFBC}") = "Olve.Utilities", "src\Olve.Utilities\Olve.Utilities.csproj", "{28330216-7401-427E-B8BA-8D1466DA6F9F}"
EndProject
Project("{2150E333-8FDC-42A3-9474-1A3956D46DE8}") = "repo", "repo", "{853B9358-CBF7-4B29-8824-9169C5D640AC}"
	ProjectSection(SolutionItems) = preProject
		.gitignore = .gitignore
		.cz.yaml = .cz.yaml
	EndProjectSection
EndProject
Project("{2150E333-8FDC-42A3-9474-1A3956D46DE8}") = "src", "src", "{6AE53E7D-3FEB-459A-B821-AD2F5D52DBE4}"
EndProject
Project("{2150E333-8FDC-42A3-9474-1A3956D46DE8}") = "tests", "tests", "{70431A57-4F24-4AF1-9EB9-85B5D9840E9B}"
EndProject
Project("{FAE04EC0-301F-11D3-BF4B-00C04F79EFBC}") = "Olve.Utilities.Tests", "tests\Olve.Utilities.Tests\Olve.Utilities.Tests.csproj", "{B516E9B3-6410-4EFA-8238-2521C94808B9}"
EndProject
Project("{FAE04EC0-301F-11D3-BF4B-00C04F79EFBC}") = "Olve.Utilities.Trimming", "tests\Olve.Utilities.Trimming\Olve.Utilities.Trimming.csproj", "{7BBDB4BF-3D24-4DF5-BE1B-AF86731E2845}"
EndProject
Project("{FAE04EC0-301F-11D3-BF4B-00C04F79EFBC}") = "Olve.Results", "src\Olve.Results\Olve.Results.csproj", "{225581DA-1773-4457-BE85-6A34A3B54DBF}"
EndProject
Project("{FAE04EC0-301F-11D3-BF4B-00C04F79EFBC}") = "Olve.Operations", "src\Olve.Operations\Olve.Operations.csproj", "{93A7D4B5-B068-4BCE-88A5-8029F103B7A6}"
EndProject
Project("{FAE04EC0-301F-11D3-BF4B-00C04F79EFBC}") = "Olve.Results.Tests", "tests\Olve.Results.Tests\Olve.Results.Tests.csproj", "{C3A4411A-4C68-4729-B062-A74C0431B693}"
EndProject
Project("{FAE04EC0-301F-11D3-BF4B-00C04F79EFBC}") = "Olve.Operations.Tests", "tests\Olve.Operations.Tests\Olve.Operations.Tests.csproj", "{69D65BA5-721D-4B17-A532-C98EF7D3A233}"
EndProject
Project("{FAE04EC0-301F-11D3-BF4B-00C04F79EFBC}") = "Olve.Paths", "src\Olve.Paths\Olve.Paths.csproj", "{44EA60FD-9E02-474C-93A5-6827BEAAD16A}"
EndProject
Project("{FAE04EC0-301F-11D3-BF4B-00C04F79EFBC}") = "Olve.Paths.Glob", "src\Olve.Paths.Glob\Olve.Paths.Glob.csproj", "{E2ACCD87-535B-42E7-8878-FC28DD02C94E}"
EndProject
Project("{FAE04EC0-301F-11D3-BF4B-00C04F79EFBC}") = "Olve.Paths.Tests", "tests\Olve.Paths.Tests\Olve.Paths.Tests.csproj", "{A8185FAF-61A2-4729-826D-0E59F736E30D}"
EndProject
Project("{FAE04EC0-301F-11D3-BF4B-00C04F79EFBC}") = "Olve.Results.TUnit", "src\Olve.Results.TUnit\Olve.Results.TUnit.csproj", "{E080C81A-A1A1-4B9E-A695-DB66D005D5E4}"
EndProject
Project("{2150E333-8FDC-42A3-9474-1A3956D46DE8}") = "github-actions", "github-actions", "{BE150CE0-284D-4B85-86B0-EFF7AD6957B6}"
	ProjectSection(SolutionItems) = preProject
		.github\workflows\push_master.yml = .github\workflows\push_master.yml
		.github\actions\dotnet-publish\action.yml = .github\actions\dotnet-publish\action.yml
		.github\workflows\pr_to_master.yml = .github\workflows\pr_to_master.yml
	EndProjectSection
EndProject
Project("{2150E333-8FDC-42A3-9474-1A3956D46DE8}") = "dotnet", "dotnet", "{0E1E16B8-F222-4708-994E-D6114C6F1241}"
	ProjectSection(SolutionItems) = preProject
		Directory.Packages.props = Directory.Packages.props
		.config\dotnet-tools.json = .config\dotnet-tools.json
	EndProjectSection
EndProject
Project("{2150E333-8FDC-42A3-9474-1A3956D46DE8}") = "docs", "docs", "{89F968A6-701C-43B2-82D6-D57D649AB5D7}"
	ProjectSection(SolutionItems) = preProject
		docs\docfx.json = docs\docfx.json
		CHANGELOG.md = CHANGELOG.md
		CONTRIBUTING.md = CONTRIBUTING.md
		LICENSE = LICENSE
		README.md = README.md
		AGENTS.md = AGENTS.md
	EndProjectSection
EndProject
Project("{FAE04EC0-301F-11D3-BF4B-00C04F79EFBC}") = "Olve.Validation", "src\Olve.Validation\Olve.Validation.csproj", "{9ACA80B2-58CB-437B-B31B-E31FA4685FD0}"
EndProject
Project("{FAE04EC0-301F-11D3-BF4B-00C04F79EFBC}") = "Olve.Validation.Tests", "tests\Olve.Validation.Tests\Olve.Validation.Tests.csproj", "{8AAFF085-81DF-4653-98F3-CC356B442D50}"
EndProject
Global
	GlobalSection(SolutionConfigurationPlatforms) = preSolution
		Debug|Any CPU = Debug|Any CPU
		Debug|x64 = Debug|x64
		Debug|x86 = Debug|x86
		Release|Any CPU = Release|Any CPU
		Release|x64 = Release|x64
		Release|x86 = Release|x86
	EndGlobalSection
	GlobalSection(ProjectConfigurationPlatforms) = postSolution
		{28330216-7401-427E-B8BA-8D1466DA6F9F}.Debug|Any CPU.ActiveCfg = Debug|Any CPU
		{28330216-7401-427E-B8BA-8D1466DA6F9F}.Debug|Any CPU.Build.0 = Debug|Any CPU
		{28330216-7401-427E-B8BA-8D1466DA6F9F}.Debug|x64.ActiveCfg = Debug|Any CPU
		{28330216-7401-427E-B8BA-8D1466DA6F9F}.Debug|x64.Build.0 = Debug|Any CPU
		{28330216-7401-427E-B8BA-8D1466DA6F9F}.Debug|x86.ActiveCfg = Debug|Any CPU
		{28330216-7401-427E-B8BA-8D1466DA6F9F}.Debug|x86.Build.0 = Debug|Any CPU
		{28330216-7401-427E-B8BA-8D1466DA6F9F}.Release|Any CPU.ActiveCfg = Release|Any CPU
		{28330216-7401-427E-B8BA-8D1466DA6F9F}.Release|Any CPU.Build.0 = Release|Any CPU
		{28330216-7401-427E-B8BA-8D1466DA6F9F}.Release|x64.ActiveCfg = Release|Any CPU
		{28330216-7401-427E-B8BA-8D1466DA6F9F}.Release|x64.Build.0 = Release|Any CPU
		{28330216-7401-427E-B8BA-8D1466DA6F9F}.Release|x86.ActiveCfg = Release|Any CPU
		{28330216-7401-427E-B8BA-8D1466DA6F9F}.Release|x86.Build.0 = Release|Any CPU
		{B516E9B3-6410-4EFA-8238-2521C94808B9}.Debug|Any CPU.ActiveCfg = Debug|Any CPU
		{B516E9B3-6410-4EFA-8238-2521C94808B9}.Debug|Any CPU.Build.0 = Debug|Any CPU
		{B516E9B3-6410-4EFA-8238-2521C94808B9}.Debug|x64.ActiveCfg = Debug|Any CPU
		{B516E9B3-6410-4EFA-8238-2521C94808B9}.Debug|x64.Build.0 = Debug|Any CPU
		{B516E9B3-6410-4EFA-8238-2521C94808B9}.Debug|x86.ActiveCfg = Debug|Any CPU
		{B516E9B3-6410-4EFA-8238-2521C94808B9}.Debug|x86.Build.0 = Debug|Any CPU
		{B516E9B3-6410-4EFA-8238-2521C94808B9}.Release|Any CPU.ActiveCfg = Release|Any CPU
		{B516E9B3-6410-4EFA-8238-2521C94808B9}.Release|Any CPU.Build.0 = Release|Any CPU
		{B516E9B3-6410-4EFA-8238-2521C94808B9}.Release|x64.ActiveCfg = Release|Any CPU
		{B516E9B3-6410-4EFA-8238-2521C94808B9}.Release|x64.Build.0 = Release|Any CPU
		{B516E9B3-6410-4EFA-8238-2521C94808B9}.Release|x86.ActiveCfg = Release|Any CPU
		{B516E9B3-6410-4EFA-8238-2521C94808B9}.Release|x86.Build.0 = Release|Any CPU
		{7BBDB4BF-3D24-4DF5-BE1B-AF86731E2845}.Debug|Any CPU.ActiveCfg = Debug|Any CPU
		{7BBDB4BF-3D24-4DF5-BE1B-AF86731E2845}.Debug|Any CPU.Build.0 = Debug|Any CPU
		{7BBDB4BF-3D24-4DF5-BE1B-AF86731E2845}.Debug|x64.ActiveCfg = Debug|Any CPU
		{7BBDB4BF-3D24-4DF5-BE1B-AF86731E2845}.Debug|x64.Build.0 = Debug|Any CPU
		{7BBDB4BF-3D24-4DF5-BE1B-AF86731E2845}.Debug|x86.ActiveCfg = Debug|Any CPU
		{7BBDB4BF-3D24-4DF5-BE1B-AF86731E2845}.Debug|x86.Build.0 = Debug|Any CPU
		{7BBDB4BF-3D24-4DF5-BE1B-AF86731E2845}.Release|Any CPU.ActiveCfg = Release|Any CPU
		{7BBDB4BF-3D24-4DF5-BE1B-AF86731E2845}.Release|Any CPU.Build.0 = Release|Any CPU
		{7BBDB4BF-3D24-4DF5-BE1B-AF86731E2845}.Release|x64.ActiveCfg = Release|Any CPU
		{7BBDB4BF-3D24-4DF5-BE1B-AF86731E2845}.Release|x64.Build.0 = Release|Any CPU
		{7BBDB4BF-3D24-4DF5-BE1B-AF86731E2845}.Release|x86.ActiveCfg = Release|Any CPU
		{7BBDB4BF-3D24-4DF5-BE1B-AF86731E2845}.Release|x86.Build.0 = Release|Any CPU
		{225581DA-1773-4457-BE85-6A34A3B54DBF}.Debug|Any CPU.ActiveCfg = Debug|Any CPU
		{225581DA-1773-4457-BE85-6A34A3B54DBF}.Debug|Any CPU.Build.0 = Debug|Any CPU
		{225581DA-1773-4457-BE85-6A34A3B54DBF}.Debug|x64.ActiveCfg = Debug|Any CPU
		{225581DA-1773-4457-BE85-6A34A3B54DBF}.Debug|x64.Build.0 = Debug|Any CPU
		{225581DA-1773-4457-BE85-6A34A3B54DBF}.Debug|x86.ActiveCfg = Debug|Any CPU
		{225581DA-1773-4457-BE85-6A34A3B54DBF}.Debug|x86.Build.0 = Debug|Any CPU
		{225581DA-1773-4457-BE85-6A34A3B54DBF}.Release|Any CPU.ActiveCfg = Release|Any CPU
		{225581DA-1773-4457-BE85-6A34A3B54DBF}.Release|Any CPU.Build.0 = Release|Any CPU
		{225581DA-1773-4457-BE85-6A34A3B54DBF}.Release|x64.ActiveCfg = Release|Any CPU
		{225581DA-1773-4457-BE85-6A34A3B54DBF}.Release|x64.Build.0 = Release|Any CPU
		{225581DA-1773-4457-BE85-6A34A3B54DBF}.Release|x86.ActiveCfg = Release|Any CPU
		{225581DA-1773-4457-BE85-6A34A3B54DBF}.Release|x86.Build.0 = Release|Any CPU
		{93A7D4B5-B068-4BCE-88A5-8029F103B7A6}.Debug|Any CPU.ActiveCfg = Debug|Any CPU
		{93A7D4B5-B068-4BCE-88A5-8029F103B7A6}.Debug|Any CPU.Build.0 = Debug|Any CPU
		{93A7D4B5-B068-4BCE-88A5-8029F103B7A6}.Debug|x64.ActiveCfg = Debug|Any CPU
		{93A7D4B5-B068-4BCE-88A5-8029F103B7A6}.Debug|x64.Build.0 = Debug|Any CPU
		{93A7D4B5-B068-4BCE-88A5-8029F103B7A6}.Debug|x86.ActiveCfg = Debug|Any CPU
		{93A7D4B5-B068-4BCE-88A5-8029F103B7A6}.Debug|x86.Build.0 = Debug|Any CPU
		{93A7D4B5-B068-4BCE-88A5-8029F103B7A6}.Release|Any CPU.ActiveCfg = Release|Any CPU
		{93A7D4B5-B068-4BCE-88A5-8029F103B7A6}.Release|Any CPU.Build.0 = Release|Any CPU
		{93A7D4B5-B068-4BCE-88A5-8029F103B7A6}.Release|x64.ActiveCfg = Release|Any CPU
		{93A7D4B5-B068-4BCE-88A5-8029F103B7A6}.Release|x64.Build.0 = Release|Any CPU
		{93A7D4B5-B068-4BCE-88A5-8029F103B7A6}.Release|x86.ActiveCfg = Release|Any CPU
		{93A7D4B5-B068-4BCE-88A5-8029F103B7A6}.Release|x86.Build.0 = Release|Any CPU
		{C3A4411A-4C68-4729-B062-A74C0431B693}.Debug|Any CPU.ActiveCfg = Debug|Any CPU
		{C3A4411A-4C68-4729-B062-A74C0431B693}.Debug|Any CPU.Build.0 = Debug|Any CPU
		{C3A4411A-4C68-4729-B062-A74C0431B693}.Debug|x64.ActiveCfg = Debug|Any CPU
		{C3A4411A-4C68-4729-B062-A74C0431B693}.Debug|x64.Build.0 = Debug|Any CPU
		{C3A4411A-4C68-4729-B062-A74C0431B693}.Debug|x86.ActiveCfg = Debug|Any CPU
		{C3A4411A-4C68-4729-B062-A74C0431B693}.Debug|x86.Build.0 = Debug|Any CPU
		{C3A4411A-4C68-4729-B062-A74C0431B693}.Release|Any CPU.ActiveCfg = Release|Any CPU
		{C3A4411A-4C68-4729-B062-A74C0431B693}.Release|Any CPU.Build.0 = Release|Any CPU
		{C3A4411A-4C68-4729-B062-A74C0431B693}.Release|x64.ActiveCfg = Release|Any CPU
		{C3A4411A-4C68-4729-B062-A74C0431B693}.Release|x64.Build.0 = Release|Any CPU
		{C3A4411A-4C68-4729-B062-A74C0431B693}.Release|x86.ActiveCfg = Release|Any CPU
		{C3A4411A-4C68-4729-B062-A74C0431B693}.Release|x86.Build.0 = Release|Any CPU
		{69D65BA5-721D-4B17-A532-C98EF7D3A233}.Debug|Any CPU.ActiveCfg = Debug|Any CPU
		{69D65BA5-721D-4B17-A532-C98EF7D3A233}.Debug|Any CPU.Build.0 = Debug|Any CPU
		{69D65BA5-721D-4B17-A532-C98EF7D3A233}.Debug|x64.ActiveCfg = Debug|Any CPU
		{69D65BA5-721D-4B17-A532-C98EF7D3A233}.Debug|x64.Build.0 = Debug|Any CPU
		{69D65BA5-721D-4B17-A532-C98EF7D3A233}.Debug|x86.ActiveCfg = Debug|Any CPU
		{69D65BA5-721D-4B17-A532-C98EF7D3A233}.Debug|x86.Build.0 = Debug|Any CPU
		{69D65BA5-721D-4B17-A532-C98EF7D3A233}.Release|Any CPU.ActiveCfg = Release|Any CPU
		{69D65BA5-721D-4B17-A532-C98EF7D3A233}.Release|Any CPU.Build.0 = Release|Any CPU
		{69D65BA5-721D-4B17-A532-C98EF7D3A233}.Release|x64.ActiveCfg = Release|Any CPU
		{69D65BA5-721D-4B17-A532-C98EF7D3A233}.Release|x64.Build.0 = Release|Any CPU
		{69D65BA5-721D-4B17-A532-C98EF7D3A233}.Release|x86.ActiveCfg = Release|Any CPU
		{69D65BA5-721D-4B17-A532-C98EF7D3A233}.Release|x86.Build.0 = Release|Any CPU
		{44EA60FD-9E02-474C-93A5-6827BEAAD16A}.Debug|Any CPU.ActiveCfg = Debug|Any CPU
		{44EA60FD-9E02-474C-93A5-6827BEAAD16A}.Debug|Any CPU.Build.0 = Debug|Any CPU
		{44EA60FD-9E02-474C-93A5-6827BEAAD16A}.Debug|x64.ActiveCfg = Debug|Any CPU
		{44EA60FD-9E02-474C-93A5-6827BEAAD16A}.Debug|x64.Build.0 = Debug|Any CPU
		{44EA60FD-9E02-474C-93A5-6827BEAAD16A}.Debug|x86.ActiveCfg = Debug|Any CPU
		{44EA60FD-9E02-474C-93A5-6827BEAAD16A}.Debug|x86.Build.0 = Debug|Any CPU
		{44EA60FD-9E02-474C-93A5-6827BEAAD16A}.Release|Any CPU.ActiveCfg = Release|Any CPU
		{44EA60FD-9E02-474C-93A5-6827BEAAD16A}.Release|Any CPU.Build.0 = Release|Any CPU
		{44EA60FD-9E02-474C-93A5-6827BEAAD16A}.Release|x64.ActiveCfg = Release|Any CPU
		{44EA60FD-9E02-474C-93A5-6827BEAAD16A}.Release|x64.Build.0 = Release|Any CPU
		{44EA60FD-9E02-474C-93A5-6827BEAAD16A}.Release|x86.ActiveCfg = Release|Any CPU
		{44EA60FD-9E02-474C-93A5-6827BEAAD16A}.Release|x86.Build.0 = Release|Any CPU
		{E2ACCD87-535B-42E7-8878-FC28DD02C94E}.Debug|Any CPU.ActiveCfg = Debug|Any CPU
		{E2ACCD87-535B-42E7-8878-FC28DD02C94E}.Debug|Any CPU.Build.0 = Debug|Any CPU
		{E2ACCD87-535B-42E7-8878-FC28DD02C94E}.Debug|x64.ActiveCfg = Debug|Any CPU
		{E2ACCD87-535B-42E7-8878-FC28DD02C94E}.Debug|x64.Build.0 = Debug|Any CPU
		{E2ACCD87-535B-42E7-8878-FC28DD02C94E}.Debug|x86.ActiveCfg = Debug|Any CPU
		{E2ACCD87-535B-42E7-8878-FC28DD02C94E}.Debug|x86.Build.0 = Debug|Any CPU
		{E2ACCD87-535B-42E7-8878-FC28DD02C94E}.Release|Any CPU.ActiveCfg = Release|Any CPU
		{E2ACCD87-535B-42E7-8878-FC28DD02C94E}.Release|Any CPU.Build.0 = Release|Any CPU
		{E2ACCD87-535B-42E7-8878-FC28DD02C94E}.Release|x64.ActiveCfg = Release|Any CPU
		{E2ACCD87-535B-42E7-8878-FC28DD02C94E}.Release|x64.Build.0 = Release|Any CPU
		{E2ACCD87-535B-42E7-8878-FC28DD02C94E}.Release|x86.ActiveCfg = Release|Any CPU
		{E2ACCD87-535B-42E7-8878-FC28DD02C94E}.Release|x86.Build.0 = Release|Any CPU
		{A8185FAF-61A2-4729-826D-0E59F736E30D}.Debug|Any CPU.ActiveCfg = Debug|Any CPU
		{A8185FAF-61A2-4729-826D-0E59F736E30D}.Debug|Any CPU.Build.0 = Debug|Any CPU
		{A8185FAF-61A2-4729-826D-0E59F736E30D}.Debug|x64.ActiveCfg = Debug|Any CPU
		{A8185FAF-61A2-4729-826D-0E59F736E30D}.Debug|x64.Build.0 = Debug|Any CPU
		{A8185FAF-61A2-4729-826D-0E59F736E30D}.Debug|x86.ActiveCfg = Debug|Any CPU
		{A8185FAF-61A2-4729-826D-0E59F736E30D}.Debug|x86.Build.0 = Debug|Any CPU
		{A8185FAF-61A2-4729-826D-0E59F736E30D}.Release|Any CPU.ActiveCfg = Release|Any CPU
		{A8185FAF-61A2-4729-826D-0E59F736E30D}.Release|Any CPU.Build.0 = Release|Any CPU
		{A8185FAF-61A2-4729-826D-0E59F736E30D}.Release|x64.ActiveCfg = Release|Any CPU
		{A8185FAF-61A2-4729-826D-0E59F736E30D}.Release|x64.Build.0 = Release|Any CPU
		{A8185FAF-61A2-4729-826D-0E59F736E30D}.Release|x86.ActiveCfg = Release|Any CPU
		{A8185FAF-61A2-4729-826D-0E59F736E30D}.Release|x86.Build.0 = Release|Any CPU
		{E080C81A-A1A1-4B9E-A695-DB66D005D5E4}.Debug|Any CPU.ActiveCfg = Debug|Any CPU
		{E080C81A-A1A1-4B9E-A695-DB66D005D5E4}.Debug|Any CPU.Build.0 = Debug|Any CPU
		{E080C81A-A1A1-4B9E-A695-DB66D005D5E4}.Debug|x64.ActiveCfg = Debug|Any CPU
		{E080C81A-A1A1-4B9E-A695-DB66D005D5E4}.Debug|x64.Build.0 = Debug|Any CPU
		{E080C81A-A1A1-4B9E-A695-DB66D005D5E4}.Debug|x86.ActiveCfg = Debug|Any CPU
		{E080C81A-A1A1-4B9E-A695-DB66D005D5E4}.Debug|x86.Build.0 = Debug|Any CPU
		{E080C81A-A1A1-4B9E-A695-DB66D005D5E4}.Release|Any CPU.ActiveCfg = Release|Any CPU
		{E080C81A-A1A1-4B9E-A695-DB66D005D5E4}.Release|Any CPU.Build.0 = Release|Any CPU
		{E080C81A-A1A1-4B9E-A695-DB66D005D5E4}.Release|x64.ActiveCfg = Release|Any CPU
		{E080C81A-A1A1-4B9E-A695-DB66D005D5E4}.Release|x64.Build.0 = Release|Any CPU
		{E080C81A-A1A1-4B9E-A695-DB66D005D5E4}.Release|x86.ActiveCfg = Release|Any CPU
		{E080C81A-A1A1-4B9E-A695-DB66D005D5E4}.Release|x86.Build.0 = Release|Any CPU
		{9ACA80B2-58CB-437B-B31B-E31FA4685FD0}.Debug|Any CPU.ActiveCfg = Debug|Any CPU
		{9ACA80B2-58CB-437B-B31B-E31FA4685FD0}.Debug|Any CPU.Build.0 = Debug|Any CPU
		{9ACA80B2-58CB-437B-B31B-E31FA4685FD0}.Debug|x64.ActiveCfg = Debug|Any CPU
		{9ACA80B2-58CB-437B-B31B-E31FA4685FD0}.Debug|x64.Build.0 = Debug|Any CPU
		{9ACA80B2-58CB-437B-B31B-E31FA4685FD0}.Debug|x86.ActiveCfg = Debug|Any CPU
		{9ACA80B2-58CB-437B-B31B-E31FA4685FD0}.Debug|x86.Build.0 = Debug|Any CPU
		{9ACA80B2-58CB-437B-B31B-E31FA4685FD0}.Release|Any CPU.ActiveCfg = Release|Any CPU
		{9ACA80B2-58CB-437B-B31B-E31FA4685FD0}.Release|Any CPU.Build.0 = Release|Any CPU
		{9ACA80B2-58CB-437B-B31B-E31FA4685FD0}.Release|x64.ActiveCfg = Release|Any CPU
		{9ACA80B2-58CB-437B-B31B-E31FA4685FD0}.Release|x64.Build.0 = Release|Any CPU
		{9ACA80B2-58CB-437B-B31B-E31FA4685FD0}.Release|x86.ActiveCfg = Release|Any CPU
		{9ACA80B2-58CB-437B-B31B-E31FA4685FD0}.Release|x86.Build.0 = Release|Any CPU
		{8AAFF085-81DF-4653-98F3-CC356B442D50}.Debug|Any CPU.ActiveCfg = Debug|Any CPU
		{8AAFF085-81DF-4653-98F3-CC356B442D50}.Debug|Any CPU.Build.0 = Debug|Any CPU
		{8AAFF085-81DF-4653-98F3-CC356B442D50}.Debug|x64.ActiveCfg = Debug|Any CPU
		{8AAFF085-81DF-4653-98F3-CC356B442D50}.Debug|x64.Build.0 = Debug|Any CPU
		{8AAFF085-81DF-4653-98F3-CC356B442D50}.Debug|x86.ActiveCfg = Debug|Any CPU
		{8AAFF085-81DF-4653-98F3-CC356B442D50}.Debug|x86.Build.0 = Debug|Any CPU
		{8AAFF085-81DF-4653-98F3-CC356B442D50}.Release|Any CPU.ActiveCfg = Release|Any CPU
		{8AAFF085-81DF-4653-98F3-CC356B442D50}.Release|Any CPU.Build.0 = Release|Any CPU
		{8AAFF085-81DF-4653-98F3-CC356B442D50}.Release|x64.ActiveCfg = Release|Any CPU
		{8AAFF085-81DF-4653-98F3-CC356B442D50}.Release|x64.Build.0 = Release|Any CPU
		{8AAFF085-81DF-4653-98F3-CC356B442D50}.Release|x86.ActiveCfg = Release|Any CPU
		{8AAFF085-81DF-4653-98F3-CC356B442D50}.Release|x86.Build.0 = Release|Any CPU
	EndGlobalSection
	GlobalSection(SolutionProperties) = preSolution
		HideSolutionNode = FALSE
	EndGlobalSection
	GlobalSection(NestedProjects) = preSolution
		{28330216-7401-427E-B8BA-8D1466DA6F9F} = {6AE53E7D-3FEB-459A-B821-AD2F5D52DBE4}
		{B516E9B3-6410-4EFA-8238-2521C94808B9} = {70431A57-4F24-4AF1-9EB9-85B5D9840E9B}
		{7BBDB4BF-3D24-4DF5-BE1B-AF86731E2845} = {70431A57-4F24-4AF1-9EB9-85B5D9840E9B}
		{225581DA-1773-4457-BE85-6A34A3B54DBF} = {6AE53E7D-3FEB-459A-B821-AD2F5D52DBE4}
		{93A7D4B5-B068-4BCE-88A5-8029F103B7A6} = {6AE53E7D-3FEB-459A-B821-AD2F5D52DBE4}
		{C3A4411A-4C68-4729-B062-A74C0431B693} = {70431A57-4F24-4AF1-9EB9-85B5D9840E9B}
		{69D65BA5-721D-4B17-A532-C98EF7D3A233} = {70431A57-4F24-4AF1-9EB9-85B5D9840E9B}
		{44EA60FD-9E02-474C-93A5-6827BEAAD16A} = {6AE53E7D-3FEB-459A-B821-AD2F5D52DBE4}
		{E2ACCD87-535B-42E7-8878-FC28DD02C94E} = {6AE53E7D-3FEB-459A-B821-AD2F5D52DBE4}
		{A8185FAF-61A2-4729-826D-0E59F736E30D} = {70431A57-4F24-4AF1-9EB9-85B5D9840E9B}
		{E080C81A-A1A1-4B9E-A695-DB66D005D5E4} = {6AE53E7D-3FEB-459A-B821-AD2F5D52DBE4}
		{BE150CE0-284D-4B85-86B0-EFF7AD6957B6} = {853B9358-CBF7-4B29-8824-9169C5D640AC}
		{0E1E16B8-F222-4708-994E-D6114C6F1241} = {853B9358-CBF7-4B29-8824-9169C5D640AC}
		{89F968A6-701C-43B2-82D6-D57D649AB5D7} = {853B9358-CBF7-4B29-8824-9169C5D640AC}
		{9ACA80B2-58CB-437B-B31B-E31FA4685FD0} = {6AE53E7D-3FEB-459A-B821-AD2F5D52DBE4}
		{8AAFF085-81DF-4653-98F3-CC356B442D50} = {70431A57-4F24-4AF1-9EB9-85B5D9840E9B}
	EndGlobalSection
EndGlobal
